
Microsoft Visual Studio Solution File, Format Version 12.00
# Visual Studio Version 17
VisualStudioVersion = 17.14.36623.8
MinimumVisualStudioVersion = 10.0.40219.1
Project("{FAE04EC0-301F-11D3-BF4B-00C04F79EFBC}") = "API", "src\API\API.csproj", "{CBAFC0F9-5B69-AE5B-776E-B650E010DF04}"
EndProject
Project("{FAE04EC0-301F-11D3-BF4B-00C04F79EFBC}") = "Shared", "src\Shared\Shared.csproj", "{CCD58374-90D2-42A8-9A5C-BDC56FDC1822}"
EndProject
Project("{FAE04EC0-301F-11D3-BF4B-00C04F79EFBC}") = "WEB", "src\WEB\WEB.csproj", "{C87C1AA6-3BDB-4D53-9FFE-684838831C6F}"
EndProject
Global
	GlobalSection(SolutionConfigurationPlatforms) = preSolution
		Debug|Any CPU = Debug|Any CPU
		Release|Any CPU = Release|Any CPU
	EndGlobalSection
	GlobalSection(ProjectConfigurationPlatforms) = postSolution
		{CBAFC0F9-5B69-AE5B-776E-B650E010DF04}.Debug|Any CPU.ActiveCfg = Debug|Any CPU
		{CBAFC0F9-5B69-AE5B-776E-B650E010DF04}.Debug|Any CPU.Build.0 = Debug|Any CPU
		{CBAFC0F9-5B69-AE5B-776E-B650E010DF04}.Release|Any CPU.ActiveCfg = Release|Any CPU
		{CBAFC0F9-5B69-AE5B-776E-B650E010DF04}.Release|Any CPU.Build.0 = Release|Any CPU
		{CCD58374-90D2-42A8-9A5C-BDC56FDC1822}.Debug|Any CPU.ActiveCfg = Debug|Any CPU
		{CCD58374-90D2-42A8-9A5C-BDC56FDC1822}.Debug|Any CPU.Build.0 = Debug|Any CPU
		{CCD58374-90D2-42A8-9A5C-BDC56FDC1822}.Release|Any CPU.ActiveCfg = Release|Any CPU
		{CCD58374-90D2-42A8-9A5C-BDC56FDC1822}.Release|Any CPU.Build.0 = Release|Any CPU
		{C87C1AA6-3BDB-4D53-9FFE-684838831C6F}.Debug|Any CPU.ActiveCfg = Debug|Any CPU
		{C87C1AA6-3BDB-4D53-9FFE-684838831C6F}.Debug|Any CPU.Build.0 = Debug|Any CPU
		{C87C1AA6-3BDB-4D53-9FFE-684838831C6F}.Release|Any CPU.ActiveCfg = Release|Any CPU
		{C87C1AA6-3BDB-4D53-9FFE-684838831C6F}.Release|Any CPU.Build.0 = Release|Any CPU
	EndGlobalSection
	GlobalSection(SolutionProperties) = preSolution
		HideSolutionNode = FALSE
	EndGlobalSection
	GlobalSection(ExtensibilityGlobals) = postSolution
		SolutionGuid = {D3350247-4C3F-407D-B886-50F36777528D}
	EndGlobalSection
EndGlobal
